{
  "name": "root",
  "lockfileVersion": 2,
  "requires": true,
  "packages": {
    "": {
      "name": "root",
      "workspaces": [
        "not-packages/*"
      ]
    },
    "packages/lib-schemas": {
      "name": "@academic-tasks/schemas",
      "version": "0.1.0",
      "extraneous": true,
      "dependencies": {
        "rimraf": "^3.0.2"
      },
      "devDependencies": {
        "prettier": "^2.7.1",
        "typescript": "^4.9.4"
      },
      "peerDependencies": {
        "@casl/ability": "^6.3.3",
        "zod": "^3.20.6"
      }
    }
  }
}
